
Microsoft Visual Studio Solution File, Format Version 12.00
# Visual Studio Version 16
VisualStudioVersion = 16.0.31613.86
MinimumVisualStudioVersion = 10.0.40219.1
Project("{FAE04EC0-301F-11D3-BF4B-00C04F79EFBC}") = "suhihz", "suhihz.csproj", "{5CD6BAFE-4E94-48CF-B3F5-78FDD74B09DC}"
EndProject
Global
	GlobalSection(SolutionConfigurationPlatforms) = preSolution
		Debug|Any CPU = Debug|Any CPU
		Release|Any CPU = Release|Any CPU
	EndGlobalSection
	GlobalSection(ProjectConfigurationPlatforms) = postSolution
		{5CD6BAFE-4E94-48CF-B3F5-78FDD74B09DC}.Debug|Any CPU.ActiveCfg = Debug|Any CPU
		{5CD6BAFE-4E94-48CF-B3F5-78FDD74B09DC}.Debug|Any CPU.Build.0 = Debug|Any CPU
		{5CD6BAFE-4E94-48CF-B3F5-78FDD74B09DC}.Release|Any CPU.ActiveCfg = Release|Any CPU
		{5CD6BAFE-4E94-48CF-B3F5-78FDD74B09DC}.Release|Any CPU.Build.0 = Release|Any CPU
	EndGlobalSection
	GlobalSection(SolutionProperties) = preSolution
		HideSolutionNode = FALSE
	EndGlobalSection
	GlobalSection(ExtensibilityGlobals) = postSolution
		SolutionGuid = {51DC0BF2-79DB-422E-80A3-6F626375DFD2}
	EndGlobalSection
EndGlobal
